
Microsoft Visual Studio Solution File, Format Version 12.00
# Visual Studio 2013
VisualStudioVersion = 12.0.31101.0
MinimumVisualStudioVersion = 10.0.40219.1
Project("{FAE04EC0-301F-11D3-BF4B-00C04F79EFBC}") = "01.HTML-Tables", "01.HTML-Tables\01.HTML-Tables.csproj", "{5686DE5F-EFF8-4C5C-968B-A428A6E2DE76}"
EndProject
Project("{FAE04EC0-301F-11D3-BF4B-00C04F79EFBC}") = "03.Calculator", "03.Calculator\03.Calculator.csproj", "{3735B2AD-856A-4A66-BD29-F0714DB57BF6}"
EndProject
Project("{FAE04EC0-301F-11D3-BF4B-00C04F79EFBC}") = "02.HTML_Form", "02.HTML_Form\02.HTML_Form.csproj", "{CF8EA238-8CD3-460B-9282-BFA0C0960FE8}"
EndProject
Global
	GlobalSection(SolutionConfigurationPlatforms) = preSolution
		Debug|Any CPU = Debug|Any CPU
		Release|Any CPU = Release|Any CPU
	EndGlobalSection
	GlobalSection(ProjectConfigurationPlatforms) = postSolution
		{5686DE5F-EFF8-4C5C-968B-A428A6E2DE76}.Debug|Any CPU.ActiveCfg = Debug|Any CPU
		{5686DE5F-EFF8-4C5C-968B-A428A6E2DE76}.Debug|Any CPU.Build.0 = Debug|Any CPU
		{5686DE5F-EFF8-4C5C-968B-A428A6E2DE76}.Release|Any CPU.ActiveCfg = Release|Any CPU
		{5686DE5F-EFF8-4C5C-968B-A428A6E2DE76}.Release|Any CPU.Build.0 = Release|Any CPU
		{3735B2AD-856A-4A66-BD29-F0714DB57BF6}.Debug|Any CPU.ActiveCfg = Debug|Any CPU
		{3735B2AD-856A-4A66-BD29-F0714DB57BF6}.Debug|Any CPU.Build.0 = Debug|Any CPU
		{3735B2AD-856A-4A66-BD29-F0714DB57BF6}.Release|Any CPU.ActiveCfg = Release|Any CPU
		{3735B2AD-856A-4A66-BD29-F0714DB57BF6}.Release|Any CPU.Build.0 = Release|Any CPU
		{CF8EA238-8CD3-460B-9282-BFA0C0960FE8}.Debug|Any CPU.ActiveCfg = Debug|Any CPU
		{CF8EA238-8CD3-460B-9282-BFA0C0960FE8}.Debug|Any CPU.Build.0 = Debug|Any CPU
		{CF8EA238-8CD3-460B-9282-BFA0C0960FE8}.Release|Any CPU.ActiveCfg = Release|Any CPU
		{CF8EA238-8CD3-460B-9282-BFA0C0960FE8}.Release|Any CPU.Build.0 = Release|Any CPU
	EndGlobalSection
	GlobalSection(SolutionProperties) = preSolution
		HideSolutionNode = FALSE
	EndGlobalSection
EndGlobal
