
Microsoft Visual Studio Solution File, Format Version 12.00
# Visual Studio 2013
VisualStudioVersion = 12.0.31101.0
MinimumVisualStudioVersion = 10.0.40219.1
Project("{FAE04EC0-301F-11D3-BF4B-00C04F79EFBC}") = "01.ClassChef", "01.ClassChef\01.ClassChef.csproj", "{3A328F7D-A477-4963-A030-B60A1311943D}"
EndProject
Project("{FAE04EC0-301F-11D3-BF4B-00C04F79EFBC}") = "02.IfStatement", "02.IfStatement\02.IfStatement.csproj", "{7F152EBC-5B0D-4DFE-94E2-1A3171599DD8}"
EndProject
Project("{FAE04EC0-301F-11D3-BF4B-00C04F79EFBC}") = "03.Loop", "03.Loop\03.Loop.csproj", "{C5E463E9-6077-46BD-8E92-3268533C1260}"
EndProject
Global
	GlobalSection(SolutionConfigurationPlatforms) = preSolution
		Debug|Any CPU = Debug|Any CPU
		Release|Any CPU = Release|Any CPU
	EndGlobalSection
	GlobalSection(ProjectConfigurationPlatforms) = postSolution
		{3A328F7D-A477-4963-A030-B60A1311943D}.Debug|Any CPU.ActiveCfg = Debug|Any CPU
		{3A328F7D-A477-4963-A030-B60A1311943D}.Debug|Any CPU.Build.0 = Debug|Any CPU
		{3A328F7D-A477-4963-A030-B60A1311943D}.Release|Any CPU.ActiveCfg = Release|Any CPU
		{3A328F7D-A477-4963-A030-B60A1311943D}.Release|Any CPU.Build.0 = Release|Any CPU
		{7F152EBC-5B0D-4DFE-94E2-1A3171599DD8}.Debug|Any CPU.ActiveCfg = Debug|Any CPU
		{7F152EBC-5B0D-4DFE-94E2-1A3171599DD8}.Debug|Any CPU.Build.0 = Debug|Any CPU
		{7F152EBC-5B0D-4DFE-94E2-1A3171599DD8}.Release|Any CPU.ActiveCfg = Release|Any CPU
		{7F152EBC-5B0D-4DFE-94E2-1A3171599DD8}.Release|Any CPU.Build.0 = Release|Any CPU
		{C5E463E9-6077-46BD-8E92-3268533C1260}.Debug|Any CPU.ActiveCfg = Debug|Any CPU
		{C5E463E9-6077-46BD-8E92-3268533C1260}.Debug|Any CPU.Build.0 = Debug|Any CPU
		{C5E463E9-6077-46BD-8E92-3268533C1260}.Release|Any CPU.ActiveCfg = Release|Any CPU
		{C5E463E9-6077-46BD-8E92-3268533C1260}.Release|Any CPU.Build.0 = Release|Any CPU
	EndGlobalSection
	GlobalSection(SolutionProperties) = preSolution
		HideSolutionNode = FALSE
	EndGlobalSection
EndGlobal
