
Microsoft Visual Studio Solution File, Format Version 12.00
# Visual Studio 2013
VisualStudioVersion = 12.0.31101.0
MinimumVisualStudioVersion = 10.0.40219.1
Project("{FAE04EC0-301F-11D3-BF4B-00C04F79EFBC}") = "01.RegistrationForm", "01.RegistrationForm\01.RegistrationForm.csproj", "{05FCA9E0-D160-4E4A-BDBA-B65AE117DB63}"
EndProject
Project("{FAE04EC0-301F-11D3-BF4B-00C04F79EFBC}") = "02.UniversityGrid", "02.UniversityGrid\02.UniversityGrid.csproj", "{3BF345CA-76B6-4945-B416-E29906618E02}"
EndProject
Project("{FAE04EC0-301F-11D3-BF4B-00C04F79EFBC}") = "03.NotebookStore", "03.NotebookStore\03.NotebookStore.csproj", "{1A1B5B2E-A4EB-42E6-9CF4-4B6B0C0632C8}"
EndProject
Global
	GlobalSection(SolutionConfigurationPlatforms) = preSolution
		Debug|Any CPU = Debug|Any CPU
		Release|Any CPU = Release|Any CPU
	EndGlobalSection
	GlobalSection(ProjectConfigurationPlatforms) = postSolution
		{05FCA9E0-D160-4E4A-BDBA-B65AE117DB63}.Debug|Any CPU.ActiveCfg = Debug|Any CPU
		{05FCA9E0-D160-4E4A-BDBA-B65AE117DB63}.Debug|Any CPU.Build.0 = Debug|Any CPU
		{05FCA9E0-D160-4E4A-BDBA-B65AE117DB63}.Release|Any CPU.ActiveCfg = Release|Any CPU
		{05FCA9E0-D160-4E4A-BDBA-B65AE117DB63}.Release|Any CPU.Build.0 = Release|Any CPU
		{3BF345CA-76B6-4945-B416-E29906618E02}.Debug|Any CPU.ActiveCfg = Debug|Any CPU
		{3BF345CA-76B6-4945-B416-E29906618E02}.Debug|Any CPU.Build.0 = Debug|Any CPU
		{3BF345CA-76B6-4945-B416-E29906618E02}.Release|Any CPU.ActiveCfg = Release|Any CPU
		{3BF345CA-76B6-4945-B416-E29906618E02}.Release|Any CPU.Build.0 = Release|Any CPU
		{1A1B5B2E-A4EB-42E6-9CF4-4B6B0C0632C8}.Debug|Any CPU.ActiveCfg = Debug|Any CPU
		{1A1B5B2E-A4EB-42E6-9CF4-4B6B0C0632C8}.Debug|Any CPU.Build.0 = Debug|Any CPU
		{1A1B5B2E-A4EB-42E6-9CF4-4B6B0C0632C8}.Release|Any CPU.ActiveCfg = Release|Any CPU
		{1A1B5B2E-A4EB-42E6-9CF4-4B6B0C0632C8}.Release|Any CPU.Build.0 = Release|Any CPU
	EndGlobalSection
	GlobalSection(SolutionProperties) = preSolution
		HideSolutionNode = FALSE
	EndGlobalSection
EndGlobal
