
Microsoft Visual Studio Solution File, Format Version 12.00
# Visual Studio 2013
VisualStudioVersion = 12.0.31101.0
MinimumVisualStudioVersion = 10.0.40219.1
Project("{FAE04EC0-301F-11D3-BF4B-00C04F79EFBC}") = "01.LoremIpsumPage", "01.LoremIpsumPage\01.LoremIpsumPage.csproj", "{6C595482-3283-46AF-B2EF-B731A79D40DC}"
EndProject
Project("{FAE04EC0-301F-11D3-BF4B-00C04F79EFBC}") = "02.ForumPosts", "02.ForumPosts\02.ForumPosts.csproj", "{A0658BCA-E699-4C3E-9DD3-3087A237DBF9}"
EndProject
Project("{FAE04EC0-301F-11D3-BF4B-00C04F79EFBC}") = "03.NestedDivs", "03.NestedDivs\03.NestedDivs.csproj", "{E1BD2E49-DBF5-41CD-9DAA-25A81B542E93}"
EndProject
Project("{FAE04EC0-301F-11D3-BF4B-00C04F79EFBC}") = "04.WindowsCalculator", "04.WindowsCalculator\04.WindowsCalculator.csproj", "{F01B3B39-EF39-42BC-8731-E00D9684673A}"
EndProject
Global
	GlobalSection(SolutionConfigurationPlatforms) = preSolution
		Debug|Any CPU = Debug|Any CPU
		Release|Any CPU = Release|Any CPU
	EndGlobalSection
	GlobalSection(ProjectConfigurationPlatforms) = postSolution
		{6C595482-3283-46AF-B2EF-B731A79D40DC}.Debug|Any CPU.ActiveCfg = Debug|Any CPU
		{6C595482-3283-46AF-B2EF-B731A79D40DC}.Debug|Any CPU.Build.0 = Debug|Any CPU
		{6C595482-3283-46AF-B2EF-B731A79D40DC}.Release|Any CPU.ActiveCfg = Release|Any CPU
		{6C595482-3283-46AF-B2EF-B731A79D40DC}.Release|Any CPU.Build.0 = Release|Any CPU
		{A0658BCA-E699-4C3E-9DD3-3087A237DBF9}.Debug|Any CPU.ActiveCfg = Debug|Any CPU
		{A0658BCA-E699-4C3E-9DD3-3087A237DBF9}.Debug|Any CPU.Build.0 = Debug|Any CPU
		{A0658BCA-E699-4C3E-9DD3-3087A237DBF9}.Release|Any CPU.ActiveCfg = Release|Any CPU
		{A0658BCA-E699-4C3E-9DD3-3087A237DBF9}.Release|Any CPU.Build.0 = Release|Any CPU
		{E1BD2E49-DBF5-41CD-9DAA-25A81B542E93}.Debug|Any CPU.ActiveCfg = Debug|Any CPU
		{E1BD2E49-DBF5-41CD-9DAA-25A81B542E93}.Debug|Any CPU.Build.0 = Debug|Any CPU
		{E1BD2E49-DBF5-41CD-9DAA-25A81B542E93}.Release|Any CPU.ActiveCfg = Release|Any CPU
		{E1BD2E49-DBF5-41CD-9DAA-25A81B542E93}.Release|Any CPU.Build.0 = Release|Any CPU
		{F01B3B39-EF39-42BC-8731-E00D9684673A}.Debug|Any CPU.ActiveCfg = Debug|Any CPU
		{F01B3B39-EF39-42BC-8731-E00D9684673A}.Debug|Any CPU.Build.0 = Debug|Any CPU
		{F01B3B39-EF39-42BC-8731-E00D9684673A}.Release|Any CPU.ActiveCfg = Release|Any CPU
		{F01B3B39-EF39-42BC-8731-E00D9684673A}.Release|Any CPU.Build.0 = Release|Any CPU
	EndGlobalSection
	GlobalSection(SolutionProperties) = preSolution
		HideSolutionNode = FALSE
	EndGlobalSection
EndGlobal
