
Microsoft Visual Studio Solution File, Format Version 12.00
# Visual Studio 2013
VisualStudioVersion = 12.0.31101.0
MinimumVisualStudioVersion = 10.0.40219.1
Project("{FAE04EC0-301F-11D3-BF4B-00C04F79EFBC}") = "01.SayHello", "01.SayHello\01.SayHello.csproj", "{1A5B9ECA-FFF3-4F07-BFB4-86A6650C3EBF}"
EndProject
Project("{FAE04EC0-301F-11D3-BF4B-00C04F79EFBC}") = "02.GetLargestNumber", "02.GetLargestNumber\02.GetLargestNumber.csproj", "{8760B849-1252-4576-86B5-A027A33E9195}"
EndProject
Project("{FAE04EC0-301F-11D3-BF4B-00C04F79EFBC}") = "03.EnglishDigit", "03.EnglishDigit\03.EnglishDigit.csproj", "{86C471D6-4E3E-46FB-99E3-105F8B655BCA}"
EndProject
Project("{FAE04EC0-301F-11D3-BF4B-00C04F79EFBC}") = "04.AppearanceCount", "04.AppearanceCount\04.AppearanceCount.csproj", "{AF625F3E-C2CC-4E09-8387-023453607A34}"
EndProject
Project("{FAE04EC0-301F-11D3-BF4B-00C04F79EFBC}") = "05.LargerThanNeighbours", "05.LargerThanNeighbours\05.LargerThanNeighbours.csproj", "{39543B98-1F29-4D78-B7F6-F32115469188}"
EndProject
Project("{FAE04EC0-301F-11D3-BF4B-00C04F79EFBC}") = "06.FirstLargerThanNeighbours", "06.FirstLargerThanNeighbours\06.FirstLargerThanNeighbours.csproj", "{DDFA55F6-6CD2-417B-9774-C8B692500A4C}"
EndProject
Project("{FAE04EC0-301F-11D3-BF4B-00C04F79EFBC}") = "07.ReverseNumber", "07.ReverseNumber\07.ReverseNumber.csproj", "{424DFF67-5A1C-4D40-A83C-BBD1ABE2649C}"
EndProject
Project("{FAE04EC0-301F-11D3-BF4B-00C04F79EFBC}") = "08.NumberAsArray", "08.NumberAsArray\08.NumberAsArray.csproj", "{C42EB50C-D859-4E0B-9A47-8E0804343579}"
EndProject
Project("{FAE04EC0-301F-11D3-BF4B-00C04F79EFBC}") = "09.SortingArray", "09.SortingArray\09.SortingArray.csproj", "{6164C9A8-4943-4B59-8693-7DF6DE717978}"
EndProject
Project("{FAE04EC0-301F-11D3-BF4B-00C04F79EFBC}") = "10.NFactorial", "10.NFactorial\10.NFactorial.csproj", "{62D97E4D-6DC8-46B7-806C-19E1FC1F9859}"
EndProject
Project("{FAE04EC0-301F-11D3-BF4B-00C04F79EFBC}") = "11.AddingPolynomials", "11.AddingPolynomials\11.AddingPolynomials.csproj", "{69F62E67-6D7A-4FE8-94F6-CC6B7BDDDE47}"
EndProject
Project("{FAE04EC0-301F-11D3-BF4B-00C04F79EFBC}") = "12.SubstractingPolynomials", "12.SubstractingPolynomials\12.SubstractingPolynomials.csproj", "{1AF27236-9A94-43C4-86BA-CAF3EFC3F767}"
EndProject
Project("{FAE04EC0-301F-11D3-BF4B-00C04F79EFBC}") = "14.IntegerCalculations", "14.IntegerCalculations\14.IntegerCalculations.csproj", "{D84FE6C0-308B-4D95-890A-F0E86B9430F4}"
EndProject
Project("{FAE04EC0-301F-11D3-BF4B-00C04F79EFBC}") = "13.SolveTasks", "13.SolveTasks\13.SolveTasks.csproj", "{A8777839-ED6E-43A9-B567-CA3794292344}"
EndProject
Project("{FAE04EC0-301F-11D3-BF4B-00C04F79EFBC}") = "15.NumbersCalculations", "15.NumbersCalculations\15.NumbersCalculations.csproj", "{B90D05EB-85AD-4667-9FF1-7A15A091253E}"
EndProject
Global
	GlobalSection(SolutionConfigurationPlatforms) = preSolution
		Debug|Any CPU = Debug|Any CPU
		Release|Any CPU = Release|Any CPU
	EndGlobalSection
	GlobalSection(ProjectConfigurationPlatforms) = postSolution
		{1A5B9ECA-FFF3-4F07-BFB4-86A6650C3EBF}.Debug|Any CPU.ActiveCfg = Debug|Any CPU
		{1A5B9ECA-FFF3-4F07-BFB4-86A6650C3EBF}.Debug|Any CPU.Build.0 = Debug|Any CPU
		{1A5B9ECA-FFF3-4F07-BFB4-86A6650C3EBF}.Release|Any CPU.ActiveCfg = Release|Any CPU
		{1A5B9ECA-FFF3-4F07-BFB4-86A6650C3EBF}.Release|Any CPU.Build.0 = Release|Any CPU
		{8760B849-1252-4576-86B5-A027A33E9195}.Debug|Any CPU.ActiveCfg = Debug|Any CPU
		{8760B849-1252-4576-86B5-A027A33E9195}.Debug|Any CPU.Build.0 = Debug|Any CPU
		{8760B849-1252-4576-86B5-A027A33E9195}.Release|Any CPU.ActiveCfg = Release|Any CPU
		{8760B849-1252-4576-86B5-A027A33E9195}.Release|Any CPU.Build.0 = Release|Any CPU
		{86C471D6-4E3E-46FB-99E3-105F8B655BCA}.Debug|Any CPU.ActiveCfg = Debug|Any CPU
		{86C471D6-4E3E-46FB-99E3-105F8B655BCA}.Debug|Any CPU.Build.0 = Debug|Any CPU
		{86C471D6-4E3E-46FB-99E3-105F8B655BCA}.Release|Any CPU.ActiveCfg = Release|Any CPU
		{86C471D6-4E3E-46FB-99E3-105F8B655BCA}.Release|Any CPU.Build.0 = Release|Any CPU
		{AF625F3E-C2CC-4E09-8387-023453607A34}.Debug|Any CPU.ActiveCfg = Debug|Any CPU
		{AF625F3E-C2CC-4E09-8387-023453607A34}.Debug|Any CPU.Build.0 = Debug|Any CPU
		{AF625F3E-C2CC-4E09-8387-023453607A34}.Release|Any CPU.ActiveCfg = Release|Any CPU
		{AF625F3E-C2CC-4E09-8387-023453607A34}.Release|Any CPU.Build.0 = Release|Any CPU
		{39543B98-1F29-4D78-B7F6-F32115469188}.Debug|Any CPU.ActiveCfg = Debug|Any CPU
		{39543B98-1F29-4D78-B7F6-F32115469188}.Debug|Any CPU.Build.0 = Debug|Any CPU
		{39543B98-1F29-4D78-B7F6-F32115469188}.Release|Any CPU.ActiveCfg = Release|Any CPU
		{39543B98-1F29-4D78-B7F6-F32115469188}.Release|Any CPU.Build.0 = Release|Any CPU
		{DDFA55F6-6CD2-417B-9774-C8B692500A4C}.Debug|Any CPU.ActiveCfg = Debug|Any CPU
		{DDFA55F6-6CD2-417B-9774-C8B692500A4C}.Debug|Any CPU.Build.0 = Debug|Any CPU
		{DDFA55F6-6CD2-417B-9774-C8B692500A4C}.Release|Any CPU.ActiveCfg = Release|Any CPU
		{DDFA55F6-6CD2-417B-9774-C8B692500A4C}.Release|Any CPU.Build.0 = Release|Any CPU
		{424DFF67-5A1C-4D40-A83C-BBD1ABE2649C}.Debug|Any CPU.ActiveCfg = Debug|Any CPU
		{424DFF67-5A1C-4D40-A83C-BBD1ABE2649C}.Debug|Any CPU.Build.0 = Debug|Any CPU
		{424DFF67-5A1C-4D40-A83C-BBD1ABE2649C}.Release|Any CPU.ActiveCfg = Release|Any CPU
		{424DFF67-5A1C-4D40-A83C-BBD1ABE2649C}.Release|Any CPU.Build.0 = Release|Any CPU
		{C42EB50C-D859-4E0B-9A47-8E0804343579}.Debug|Any CPU.ActiveCfg = Debug|Any CPU
		{C42EB50C-D859-4E0B-9A47-8E0804343579}.Debug|Any CPU.Build.0 = Debug|Any CPU
		{C42EB50C-D859-4E0B-9A47-8E0804343579}.Release|Any CPU.ActiveCfg = Release|Any CPU
		{C42EB50C-D859-4E0B-9A47-8E0804343579}.Release|Any CPU.Build.0 = Release|Any CPU
		{6164C9A8-4943-4B59-8693-7DF6DE717978}.Debug|Any CPU.ActiveCfg = Debug|Any CPU
		{6164C9A8-4943-4B59-8693-7DF6DE717978}.Debug|Any CPU.Build.0 = Debug|Any CPU
		{6164C9A8-4943-4B59-8693-7DF6DE717978}.Release|Any CPU.ActiveCfg = Release|Any CPU
		{6164C9A8-4943-4B59-8693-7DF6DE717978}.Release|Any CPU.Build.0 = Release|Any CPU
		{62D97E4D-6DC8-46B7-806C-19E1FC1F9859}.Debug|Any CPU.ActiveCfg = Debug|Any CPU
		{62D97E4D-6DC8-46B7-806C-19E1FC1F9859}.Debug|Any CPU.Build.0 = Debug|Any CPU
		{62D97E4D-6DC8-46B7-806C-19E1FC1F9859}.Release|Any CPU.ActiveCfg = Release|Any CPU
		{62D97E4D-6DC8-46B7-806C-19E1FC1F9859}.Release|Any CPU.Build.0 = Release|Any CPU
		{69F62E67-6D7A-4FE8-94F6-CC6B7BDDDE47}.Debug|Any CPU.ActiveCfg = Debug|Any CPU
		{69F62E67-6D7A-4FE8-94F6-CC6B7BDDDE47}.Debug|Any CPU.Build.0 = Debug|Any CPU
		{69F62E67-6D7A-4FE8-94F6-CC6B7BDDDE47}.Release|Any CPU.ActiveCfg = Release|Any CPU
		{69F62E67-6D7A-4FE8-94F6-CC6B7BDDDE47}.Release|Any CPU.Build.0 = Release|Any CPU
		{1AF27236-9A94-43C4-86BA-CAF3EFC3F767}.Debug|Any CPU.ActiveCfg = Debug|Any CPU
		{1AF27236-9A94-43C4-86BA-CAF3EFC3F767}.Debug|Any CPU.Build.0 = Debug|Any CPU
		{1AF27236-9A94-43C4-86BA-CAF3EFC3F767}.Release|Any CPU.ActiveCfg = Release|Any CPU
		{1AF27236-9A94-43C4-86BA-CAF3EFC3F767}.Release|Any CPU.Build.0 = Release|Any CPU
		{D84FE6C0-308B-4D95-890A-F0E86B9430F4}.Debug|Any CPU.ActiveCfg = Debug|Any CPU
		{D84FE6C0-308B-4D95-890A-F0E86B9430F4}.Debug|Any CPU.Build.0 = Debug|Any CPU
		{D84FE6C0-308B-4D95-890A-F0E86B9430F4}.Release|Any CPU.ActiveCfg = Release|Any CPU
		{D84FE6C0-308B-4D95-890A-F0E86B9430F4}.Release|Any CPU.Build.0 = Release|Any CPU
		{A8777839-ED6E-43A9-B567-CA3794292344}.Debug|Any CPU.ActiveCfg = Debug|Any CPU
		{A8777839-ED6E-43A9-B567-CA3794292344}.Debug|Any CPU.Build.0 = Debug|Any CPU
		{A8777839-ED6E-43A9-B567-CA3794292344}.Release|Any CPU.ActiveCfg = Release|Any CPU
		{A8777839-ED6E-43A9-B567-CA3794292344}.Release|Any CPU.Build.0 = Release|Any CPU
		{B90D05EB-85AD-4667-9FF1-7A15A091253E}.Debug|Any CPU.ActiveCfg = Debug|Any CPU
		{B90D05EB-85AD-4667-9FF1-7A15A091253E}.Debug|Any CPU.Build.0 = Debug|Any CPU
		{B90D05EB-85AD-4667-9FF1-7A15A091253E}.Release|Any CPU.ActiveCfg = Release|Any CPU
		{B90D05EB-85AD-4667-9FF1-7A15A091253E}.Release|Any CPU.Build.0 = Release|Any CPU
	EndGlobalSection
	GlobalSection(SolutionProperties) = preSolution
		HideSolutionNode = FALSE
	EndGlobalSection
EndGlobal
