
Microsoft Visual Studio Solution File, Format Version 12.00
# Visual Studio 2013
VisualStudioVersion = 12.0.31101.0
MinimumVisualStudioVersion = 10.0.40219.1
Project("{FAE04EC0-301F-11D3-BF4B-00C04F79EFBC}") = "01.QualityMethods", "01.QualityMethods\01.QualityMethods.csproj", "{1A991041-1E5B-43B8-9BB8-5A5DAB315810}"
EndProject
Project("{FAE04EC0-301F-11D3-BF4B-00C04F79EFBC}") = "02.RefactorCSharpSolutions-EnigmaCat", "02.RefactorCSharpSolutions-EnigmaCat\02.RefactorCSharpSolutions-EnigmaCat.csproj", "{598663EA-7A1C-4DFC-8AAB-835D8EE28A8A}"
EndProject
Project("{FAE04EC0-301F-11D3-BF4B-00C04F79EFBC}") = "03.RefactorCSharpSolutions-DecrAbsDiff", "03.RefactorCSharpSolutions-DecrAbsDiff\03.RefactorCSharpSolutions-DecrAbsDiff.csproj", "{8293BDAA-A290-42BD-866E-AFD98BDCE071}"
EndProject
Project("{FAE04EC0-301F-11D3-BF4B-00C04F79EFBC}") = "04.RefactorCSharpSolutions-LoveOf2", "04.RefactorCSharpSolutions-LoveOf2\04.RefactorCSharpSolutions-LoveOf2.csproj", "{D3535C43-EFC3-458C-A1FB-877C351499D5}"
EndProject
Global
	GlobalSection(SolutionConfigurationPlatforms) = preSolution
		Debug|Any CPU = Debug|Any CPU
		Release|Any CPU = Release|Any CPU
	EndGlobalSection
	GlobalSection(ProjectConfigurationPlatforms) = postSolution
		{1A991041-1E5B-43B8-9BB8-5A5DAB315810}.Debug|Any CPU.ActiveCfg = Debug|Any CPU
		{1A991041-1E5B-43B8-9BB8-5A5DAB315810}.Debug|Any CPU.Build.0 = Debug|Any CPU
		{1A991041-1E5B-43B8-9BB8-5A5DAB315810}.Release|Any CPU.ActiveCfg = Release|Any CPU
		{1A991041-1E5B-43B8-9BB8-5A5DAB315810}.Release|Any CPU.Build.0 = Release|Any CPU
		{598663EA-7A1C-4DFC-8AAB-835D8EE28A8A}.Debug|Any CPU.ActiveCfg = Debug|Any CPU
		{598663EA-7A1C-4DFC-8AAB-835D8EE28A8A}.Debug|Any CPU.Build.0 = Debug|Any CPU
		{598663EA-7A1C-4DFC-8AAB-835D8EE28A8A}.Release|Any CPU.ActiveCfg = Release|Any CPU
		{598663EA-7A1C-4DFC-8AAB-835D8EE28A8A}.Release|Any CPU.Build.0 = Release|Any CPU
		{8293BDAA-A290-42BD-866E-AFD98BDCE071}.Debug|Any CPU.ActiveCfg = Debug|Any CPU
		{8293BDAA-A290-42BD-866E-AFD98BDCE071}.Debug|Any CPU.Build.0 = Debug|Any CPU
		{8293BDAA-A290-42BD-866E-AFD98BDCE071}.Release|Any CPU.ActiveCfg = Release|Any CPU
		{8293BDAA-A290-42BD-866E-AFD98BDCE071}.Release|Any CPU.Build.0 = Release|Any CPU
		{D3535C43-EFC3-458C-A1FB-877C351499D5}.Debug|Any CPU.ActiveCfg = Debug|Any CPU
		{D3535C43-EFC3-458C-A1FB-877C351499D5}.Debug|Any CPU.Build.0 = Debug|Any CPU
		{D3535C43-EFC3-458C-A1FB-877C351499D5}.Release|Any CPU.ActiveCfg = Release|Any CPU
		{D3535C43-EFC3-458C-A1FB-877C351499D5}.Release|Any CPU.Build.0 = Release|Any CPU
	EndGlobalSection
	GlobalSection(SolutionProperties) = preSolution
		HideSolutionNode = FALSE
	EndGlobalSection
EndGlobal
